
Microsoft Visual Studio Solution File, Format Version 12.00
# Visual Studio Version 17
VisualStudioVersion = 17.5.002.0
MinimumVisualStudioVersion = 10.0.40219.1
Project("{9A19103F-16F7-4668-BE54-9A1E7A4F7556}") = "src", "src\src.csproj", "{01DED610-3AC1-4B04-BFF7-196EE3A0E773}"
EndProject
Global
	GlobalSection(SolutionConfigurationPlatforms) = preSolution
		Debug|Any CPU = Debug|Any CPU
		Release|Any CPU = Release|Any CPU
	EndGlobalSection
	GlobalSection(ProjectConfigurationPlatforms) = postSolution
		{01DED610-3AC1-4B04-BFF7-196EE3A0E773}.Debug|Any CPU.ActiveCfg = Debug|Any CPU
		{01DED610-3AC1-4B04-BFF7-196EE3A0E773}.Debug|Any CPU.Build.0 = Debug|Any CPU
		{01DED610-3AC1-4B04-BFF7-196EE3A0E773}.Release|Any CPU.ActiveCfg = Release|Any CPU
		{01DED610-3AC1-4B04-BFF7-196EE3A0E773}.Release|Any CPU.Build.0 = Release|Any CPU
	EndGlobalSection
	GlobalSection(SolutionProperties) = preSolution
		HideSolutionNode = FALSE
	EndGlobalSection
	GlobalSection(ExtensibilityGlobals) = postSolution
		SolutionGuid = {1E67FC42-1044-4D85-B535-10863426222E}
	EndGlobalSection
EndGlobal
